
Microsoft Visual Studio Solution File, Format Version 12.00
# Visual Studio Version 17
VisualStudioVersion = 17.0.31903.59
MinimumVisualStudioVersion = 10.0.40219.1
Project("{FAE04EC0-301F-11D3-BF4B-00C04F79EFBC}") = "TicTacToeGame.Core", "TicTacToeGame.Core\TicTacToeGame.Core.csproj", "{F257F8E7-7F25-4C34-818B-1579573ED947}"
EndProject
Project("{FAE04EC0-301F-11D3-BF4B-00C04F79EFBC}") = "TicTacToeGame.ConsoleApp", "TicTacToeGame.ConsoleApp\TicTacToeGame.ConsoleApp.csproj", "{9FC1503C-FD4A-4FA1-975B-C0DCC6938B5A}"
EndProject
Project("{FAE04EC0-301F-11D3-BF4B-00C04F79EFBC}") = "TicTacToeGame.Tests", "TicTacToeGame.Tests\TicTacToeGame.Tests.csproj", "{1B214AF2-C711-4373-83AE-51EAA51D228D}"
EndProject
Global
	GlobalSection(SolutionConfigurationPlatforms) = preSolution
		Debug|Any CPU = Debug|Any CPU
		Release|Any CPU = Release|Any CPU
	EndGlobalSection
	GlobalSection(SolutionProperties) = preSolution
		HideSolutionNode = FALSE
	EndGlobalSection
	GlobalSection(ProjectConfigurationPlatforms) = postSolution
		{F257F8E7-7F25-4C34-818B-1579573ED947}.Debug|Any CPU.ActiveCfg = Debug|Any CPU
		{F257F8E7-7F25-4C34-818B-1579573ED947}.Debug|Any CPU.Build.0 = Debug|Any CPU
		{F257F8E7-7F25-4C34-818B-1579573ED947}.Release|Any CPU.ActiveCfg = Release|Any CPU
		{F257F8E7-7F25-4C34-818B-1579573ED947}.Release|Any CPU.Build.0 = Release|Any CPU
		{9FC1503C-FD4A-4FA1-975B-C0DCC6938B5A}.Debug|Any CPU.ActiveCfg = Debug|Any CPU
		{9FC1503C-FD4A-4FA1-975B-C0DCC6938B5A}.Debug|Any CPU.Build.0 = Debug|Any CPU
		{9FC1503C-FD4A-4FA1-975B-C0DCC6938B5A}.Release|Any CPU.ActiveCfg = Release|Any CPU
		{9FC1503C-FD4A-4FA1-975B-C0DCC6938B5A}.Release|Any CPU.Build.0 = Release|Any CPU
		{1B214AF2-C711-4373-83AE-51EAA51D228D}.Debug|Any CPU.ActiveCfg = Debug|Any CPU
		{1B214AF2-C711-4373-83AE-51EAA51D228D}.Debug|Any CPU.Build.0 = Debug|Any CPU
		{1B214AF2-C711-4373-83AE-51EAA51D228D}.Release|Any CPU.ActiveCfg = Release|Any CPU
		{1B214AF2-C711-4373-83AE-51EAA51D228D}.Release|Any CPU.Build.0 = Release|Any CPU
	EndGlobalSection
EndGlobal
